// !$*UTF8*$!
{
	archiveVersion = 1;
	classes = {
	};
	objectVersion = 56;
	objects = {

/* Begin PBXBuildFile section */
		A042B2232AB2CB3B00DFEF11 /* iNotesApp.swift in Sources */ = {isa = PBXBuildFile; fileRef = A042B2222AB2CB3B00DFEF11 /* iNotesApp.swift */; };
		A042B2252AB2CB3B00DFEF11 /* ContentView.swift in Sources */ = {isa = PBXBuildFile; fileRef = A042B2242AB2CB3B00DFEF11 /* ContentView.swift */; };
		A042B2272AB2CB3C00DFEF11 /* Assets.xcassets in Resources */ = {isa = PBXBuildFile; fileRef = A042B2262AB2CB3C00DFEF11 /* Assets.xcassets */; };
		A042B22A2AB2CB3C00DFEF11 /* Preview Assets.xcassets in Resources */ = {isa = PBXBuildFile; fileRef = A042B2292AB2CB3C00DFEF11 /* Preview Assets.xcassets */; };
		A042B22C2AB2CB3C00DFEF11 /* Persistence.swift in Sources */ = {isa = PBXBuildFile; fileRef = A042B22B2AB2CB3C00DFEF11 /* Persistence.swift */; };
		A042B22F2AB2CB3C00DFEF11 /* iNotes.xcdatamodeld in Sources */ = {isa = PBXBuildFile; fileRef = A042B22D2AB2CB3C00DFEF11 /* iNotes.xcdatamodeld */; };
		A042B2382AB2CCD200DFEF11 /* sound-rise.mp3 in Resources */ = {isa = PBXBuildFile; fileRef = A042B2352AB2CCD200DFEF11 /* sound-rise.mp3 */; };
		A042B2392AB2CCD200DFEF11 /* sound-ding.mp3 in Resources */ = {isa = PBXBuildFile; fileRef = A042B2362AB2CCD200DFEF11 /* sound-ding.mp3 */; };
		A042B23A2AB2CCD200DFEF11 /* sound-tap.mp3 in Resources */ = {isa = PBXBuildFile; fileRef = A042B2372AB2CCD200DFEF11 /* sound-tap.mp3 */; };
		A067D0682B20B5A400F01FAC /* SoundPlayer.swift in Sources */ = {isa = PBXBuildFile; fileRef = A067D0672B20B5A400F01FAC /* SoundPlayer.swift */; };
		A0A01BCF2AB885F800F74B26 /* Constant.swift in Sources */ = {isa = PBXBuildFile; fileRef = A0A01BCE2AB885F800F74B26 /* Constant.swift */; };
		A0A01BD12AB9D58700F74B26 /* HideKeyboardExtension.swift in Sources */ = {isa = PBXBuildFile; fileRef = A0A01BD02AB9D58700F74B26 /* HideKeyboardExtension.swift */; };
		A0A01BD32ABA052200F74B26 /* BackgroundImageView.swift in Sources */ = {isa = PBXBuildFile; fileRef = A0A01BD22ABA052200F74B26 /* BackgroundImageView.swift */; };
		A0A01BD72ABAB3C700F74B26 /* NewTaskItemView.swift in Sources */ = {isa = PBXBuildFile; fileRef = A0A01BD62ABAB3C700F74B26 /* NewTaskItemView.swift */; };
		A0A01BD92ABABBDE00F74B26 /* BlankView.swift in Sources */ = {isa = PBXBuildFile; fileRef = A0A01BD82ABABBDE00F74B26 /* BlankView.swift */; };
		A0FA03132AC53B660004AFA5 /* ListRowItemView.swift in Sources */ = {isa = PBXBuildFile; fileRef = A0FA03122AC53B660004AFA5 /* ListRowItemView.swift */; };
		A0FA03152AC542330004AFA5 /* CheckboxStyle.swift in Sources */ = {isa = PBXBuildFile; fileRef = A0FA03142AC542330004AFA5 /* CheckboxStyle.swift */; };
/* End PBXBuildFile section */

/* Begin PBXFileReference section */
		A042B21F2AB2CB3B00DFEF11 /* iNotes.app */ = {isa = PBXFileReference; explicitFileType = wrapper.application; includeInIndex = 0; path = iNotes.app; sourceTree = BUILT_PRODUCTS_DIR; };
		A042B2222AB2CB3B00DFEF11 /* iNotesApp.swift */ = {isa = PBXFileReference; lastKnownFileType = sourcecode.swift; path = iNotesApp.swift; sourceTree = "<group>"; };
		A042B2242AB2CB3B00DFEF11 /* ContentView.swift */ = {isa = PBXFileReference; lastKnownFileType = sourcecode.swift; path = ContentView.swift; sourceTree = "<group>"; };
		A042B2262AB2CB3C00DFEF11 /* Assets.xcassets */ = {isa = PBXFileReference; lastKnownFileType = folder.assetcatalog; path = Assets.xcassets; sourceTree = "<group>"; };
		A042B2292AB2CB3C00DFEF11 /* Preview Assets.xcassets */ = {isa = PBXFileReference; lastKnownFileType = folder.assetcatalog; path = "Preview Assets.xcassets"; sourceTree = "<group>"; };
		A042B22B2AB2CB3C00DFEF11 /* Persistence.swift */ = {isa = PBXFileReference; lastKnownFileType = sourcecode.swift; path = Persistence.swift; sourceTree = "<group>"; };
		A042B22E2AB2CB3C00DFEF11 /* iNotes.xcdatamodel */ = {isa = PBXFileReference; lastKnownFileType = wrapper.xcdatamodel; path = iNotes.xcdatamodel; sourceTree = "<group>"; };
		A042B2352AB2CCD200DFEF11 /* sound-rise.mp3 */ = {isa = PBXFileReference; lastKnownFileType = audio.mp3; path = "sound-rise.mp3"; sourceTree = "<group>"; };
		A042B2362AB2CCD200DFEF11 /* sound-ding.mp3 */ = {isa = PBXFileReference; lastKnownFileType = audio.mp3; path = "sound-ding.mp3"; sourceTree = "<group>"; };
		A042B2372AB2CCD200DFEF11 /* sound-tap.mp3 */ = {isa = PBXFileReference; lastKnownFileType = audio.mp3; path = "sound-tap.mp3"; sourceTree = "<group>"; };
		A042B2412AB2CE0F00DFEF11 /* Info.plist */ = {isa = PBXFileReference; lastKnownFileType = text.plist; path = Info.plist; sourceTree = "<group>"; };
		A067D0672B20B5A400F01FAC /* SoundPlayer.swift */ = {isa = PBXFileReference; lastKnownFileType = sourcecode.swift; path = SoundPlayer.swift; sourceTree = "<group>"; };
		A0A01BCE2AB885F800F74B26 /* Constant.swift */ = {isa = PBXFileReference; lastKnownFileType = sourcecode.swift; path = Constant.swift; sourceTree = "<group>"; };
		A0A01BD02AB9D58700F74B26 /* HideKeyboardExtension.swift */ = {isa = PBXFileReference; lastKnownFileType = sourcecode.swift; path = HideKeyboardExtension.swift; sourceTree = "<group>"; };
		A0A01BD22ABA052200F74B26 /* BackgroundImageView.swift */ = {isa = PBXFileReference; lastKnownFileType = sourcecode.swift; path = BackgroundImageView.swift; sourceTree = "<group>"; };
		A0A01BD62ABAB3C700F74B26 /* NewTaskItemView.swift */ = {isa = PBXFileReference; lastKnownFileType = sourcecode.swift; path = NewTaskItemView.swift; sourceTree = "<group>"; };
		A0A01BD82ABABBDE00F74B26 /* BlankView.swift */ = {isa = PBXFileReference; lastKnownFileType = sourcecode.swift; path = BlankView.swift; sourceTree = "<group>"; };
		A0FA03122AC53B660004AFA5 /* ListRowItemView.swift */ = {isa = PBXFileReference; lastKnownFileType = sourcecode.swift; path = ListRowItemView.swift; sourceTree = "<group>"; };
		A0FA03142AC542330004AFA5 /* CheckboxStyle.swift */ = {isa = PBXFileReference; lastKnownFileType = sourcecode.swift; path = CheckboxStyle.swift; sourceTree = "<group>"; };
/* End PBXFileReference section */

/* Begin PBXFrameworksBuildPhase section */
		A042B21C2AB2CB3B00DFEF11 /* Frameworks */ = {
			isa = PBXFrameworksBuildPhase;
			buildActionMask = 2147483647;
			files = (
			);
			runOnlyForDeploymentPostprocessing = 0;
		};
/* End PBXFrameworksBuildPhase section */

/* Begin PBXGroup section */
		A042B2162AB2CB3B00DFEF11 = {
			isa = PBXGroup;
			children = (
				A042B2212AB2CB3B00DFEF11 /* iNotes */,
				A042B2202AB2CB3B00DFEF11 /* Products */,
			);
			sourceTree = "<group>";
		};
		A042B2202AB2CB3B00DFEF11 /* Products */ = {
			isa = PBXGroup;
			children = (
				A042B21F2AB2CB3B00DFEF11 /* iNotes.app */,
			);
			name = Products;
			sourceTree = "<group>";
		};
		A042B2212AB2CB3B00DFEF11 /* iNotes */ = {
			isa = PBXGroup;
			children = (
				A042B2412AB2CE0F00DFEF11 /* Info.plist */,
				A042B23E2AB2CD5400DFEF11 /* Style */,
				A042B23D2AB2CD4B00DFEF11 /* Utility */,
				A042B23C2AB2CD2500DFEF11 /* Extension */,
				A042B23B2AB2CCF000DFEF11 /* Sound */,
				A042B2222AB2CB3B00DFEF11 /* iNotesApp.swift */,
				A042B2402AB2CDC100DFEF11 /* View */,
				A042B2262AB2CB3C00DFEF11 /* Assets.xcassets */,
				A042B23F2AB2CDA400DFEF11 /* Model */,
				A042B2282AB2CB3C00DFEF11 /* Preview Content */,
			);
			path = iNotes;
			sourceTree = "<group>";
		};
		A042B2282AB2CB3C00DFEF11 /* Preview Content */ = {
			isa = PBXGroup;
			children = (
				A042B2292AB2CB3C00DFEF11 /* Preview Assets.xcassets */,
			);
			path = "Preview Content";
			sourceTree = "<group>";
		};
		A042B23B2AB2CCF000DFEF11 /* Sound */ = {
			isa = PBXGroup;
			children = (
				A042B2362AB2CCD200DFEF11 /* sound-ding.mp3 */,
				A042B2352AB2CCD200DFEF11 /* sound-rise.mp3 */,
				A042B2372AB2CCD200DFEF11 /* sound-tap.mp3 */,
			);
			path = Sound;
			sourceTree = "<group>";
		};
		A042B23C2AB2CD2500DFEF11 /* Extension */ = {
			isa = PBXGroup;
			children = (
				A0A01BD02AB9D58700F74B26 /* HideKeyboardExtension.swift */,
			);
			path = Extension;
			sourceTree = "<group>";
		};
		A042B23D2AB2CD4B00DFEF11 /* Utility */ = {
			isa = PBXGroup;
			children = (
				A0A01BCE2AB885F800F74B26 /* Constant.swift */,
				A067D0672B20B5A400F01FAC /* SoundPlayer.swift */,
			);
			path = Utility;
			sourceTree = "<group>";
		};
		A042B23E2AB2CD5400DFEF11 /* Style */ = {
			isa = PBXGroup;
			children = (
				A0FA03142AC542330004AFA5 /* CheckboxStyle.swift */,
			);
			path = Style;
			sourceTree = "<group>";
		};
		A042B23F2AB2CDA400DFEF11 /* Model */ = {
			isa = PBXGroup;
			children = (
				A042B22B2AB2CB3C00DFEF11 /* Persistence.swift */,
				A042B22D2AB2CB3C00DFEF11 /* iNotes.xcdatamodeld */,
			);
			path = Model;
			sourceTree = "<group>";
		};
		A042B2402AB2CDC100DFEF11 /* View */ = {
			isa = PBXGroup;
			children = (
				A042B2242AB2CB3B00DFEF11 /* ContentView.swift */,
				A0A01BD22ABA052200F74B26 /* BackgroundImageView.swift */,
				A0A01BD62ABAB3C700F74B26 /* NewTaskItemView.swift */,
				A0A01BD82ABABBDE00F74B26 /* BlankView.swift */,
				A0FA03122AC53B660004AFA5 /* ListRowItemView.swift */,
			);
			path = View;
			sourceTree = "<group>";
		};
/* End PBXGroup section */

/* Begin PBXNativeTarget section */
		A042B21E2AB2CB3B00DFEF11 /* iNotes */ = {
			isa = PBXNativeTarget;
			buildConfigurationList = A042B2322AB2CB3C00DFEF11 /* Build configuration list for PBXNativeTarget "iNotes" */;
			buildPhases = (
				A042B21B2AB2CB3B00DFEF11 /* Sources */,
				A042B21C2AB2CB3B00DFEF11 /* Frameworks */,
				A042B21D2AB2CB3B00DFEF11 /* Resources */,
			);
			buildRules = (
			);
			dependencies = (
			);
			name = iNotes;
			productName = iNotes;
			productReference = A042B21F2AB2CB3B00DFEF11 /* iNotes.app */;
			productType = "com.apple.product-type.application";
		};
/* End PBXNativeTarget section */

/* Begin PBXProject section */
		A042B2172AB2CB3B00DFEF11 /* Project object */ = {
			isa = PBXProject;
			attributes = {
				BuildIndependentTargetsInParallel = 1;
				LastSwiftUpdateCheck = 1430;
				LastUpgradeCheck = 1430;
				TargetAttributes = {
					A042B21E2AB2CB3B00DFEF11 = {
						CreatedOnToolsVersion = 14.3;
					};
				};
			};
			buildConfigurationList = A042B21A2AB2CB3B00DFEF11 /* Build configuration list for PBXProject "iNotes" */;
			compatibilityVersion = "Xcode 14.0";
			developmentRegion = en;
			hasScannedForEncodings = 0;
			knownRegions = (
				en,
				Base,
			);
			mainGroup = A042B2162AB2CB3B00DFEF11;
			productRefGroup = A042B2202AB2CB3B00DFEF11 /* Products */;
			projectDirPath = "";
			projectRoot = "";
			targets = (
				A042B21E2AB2CB3B00DFEF11 /* iNotes */,
			);
		};
/* End PBXProject section */

/* Begin PBXResourcesBuildPhase section */
		A042B21D2AB2CB3B00DFEF11 /* Resources */ = {
			isa = PBXResourcesBuildPhase;
			buildActionMask = 2147483647;
			files = (
				A042B2392AB2CCD200DFEF11 /* sound-ding.mp3 in Resources */,
				A042B2382AB2CCD200DFEF11 /* sound-rise.mp3 in Resources */,
				A042B22A2AB2CB3C00DFEF11 /* Preview Assets.xcassets in Resources */,
				A042B23A2AB2CCD200DFEF11 /* sound-tap.mp3 in Resources */,
				A042B2272AB2CB3C00DFEF11 /* Assets.xcassets in Resources */,
			);
			runOnlyForDeploymentPostprocessing = 0;
		};
/* End PBXResourcesBuildPhase section */

/* Begin PBXSourcesBuildPhase section */
		A042B21B2AB2CB3B00DFEF11 /* Sources */ = {
			isa = PBXSourcesBuildPhase;
			buildActionMask = 2147483647;
			files = (
				A042B22C2AB2CB3C00DFEF11 /* Persistence.swift in Sources */,
				A0A01BD32ABA052200F74B26 /* BackgroundImageView.swift in Sources */,
				A042B22F2AB2CB3C00DFEF11 /* iNotes.xcdatamodeld in Sources */,
				A0A01BD12AB9D58700F74B26 /* HideKeyboardExtension.swift in Sources */,
				A0A01BD92ABABBDE00F74B26 /* BlankView.swift in Sources */,
				A0A01BCF2AB885F800F74B26 /* Constant.swift in Sources */,
				A0FA03132AC53B660004AFA5 /* ListRowItemView.swift in Sources */,
				A042B2252AB2CB3B00DFEF11 /* ContentView.swift in Sources */,
				A042B2232AB2CB3B00DFEF11 /* iNotesApp.swift in Sources */,
				A0FA03152AC542330004AFA5 /* CheckboxStyle.swift in Sources */,
				A067D0682B20B5A400F01FAC /* SoundPlayer.swift in Sources */,
				A0A01BD72ABAB3C700F74B26 /* NewTaskItemView.swift in Sources */,
			);
			runOnlyForDeploymentPostprocessing = 0;
		};
/* End PBXSourcesBuildPhase section */

/* Begin XCBuildConfiguration section */
		A042B2302AB2CB3C00DFEF11 /* Debug */ = {
			isa = XCBuildConfiguration;
			buildSettings = {
				ALWAYS_SEARCH_USER_PATHS = NO;
				CLANG_ANALYZER_NONNULL = YES;
				CLANG_ANALYZER_NUMBER_OBJECT_CONVERSION = YES_AGGRESSIVE;
				CLANG_CXX_LANGUAGE_STANDARD = "gnu++20";
				CLANG_ENABLE_MODULES = YES;
				CLANG_ENABLE_OBJC_ARC = YES;
				CLANG_ENABLE_OBJC_WEAK = YES;
				CLANG_WARN_BLOCK_CAPTURE_AUTORELEASING = YES;
				CLANG_WARN_BOOL_CONVERSION = YES;
				CLANG_WARN_COMMA = YES;
				CLANG_WARN_CONSTANT_CONVERSION = YES;
				CLANG_WARN_DEPRECATED_OBJC_IMPLEMENTATIONS = YES;
				CLANG_WARN_DIRECT_OBJC_ISA_USAGE = YES_ERROR;
				CLANG_WARN_DOCUMENTATION_COMMENTS = YES;
				CLANG_WARN_EMPTY_BODY = YES;
				CLANG_WARN_ENUM_CONVERSION = YES;
				CLANG_WARN_INFINITE_RECURSION = YES;
				CLANG_WARN_INT_CONVERSION = YES;
				CLANG_WARN_NON_LITERAL_NULL_CONVERSION = YES;
				CLANG_WARN_OBJC_IMPLICIT_RETAIN_SELF = YES;
				CLANG_WARN_OBJC_LITERAL_CONVERSION = YES;
				CLANG_WARN_OBJC_ROOT_CLASS = YES_ERROR;
				CLANG_WARN_QUOTED_INCLUDE_IN_FRAMEWORK_HEADER = YES;
				CLANG_WARN_RANGE_LOOP_ANALYSIS = YES;
				CLANG_WARN_STRICT_PROTOTYPES = YES;
				CLANG_WARN_SUSPICIOUS_MOVE = YES;
				CLANG_WARN_UNGUARDED_AVAILABILITY = YES_AGGRESSIVE;
				CLANG_WARN_UNREACHABLE_CODE = YES;
				CLANG_WARN__DUPLICATE_METHOD_MATCH = YES;
				COPY_PHASE_STRIP = NO;
				DEBUG_INFORMATION_FORMAT = dwarf;
				ENABLE_STRICT_OBJC_MSGSEND = YES;
				ENABLE_TESTABILITY = YES;
				GCC_C_LANGUAGE_STANDARD = gnu11;
				GCC_DYNAMIC_NO_PIC = NO;
				GCC_NO_COMMON_BLOCKS = YES;
				GCC_OPTIMIZATION_LEVEL = 0;
				GCC_PREPROCESSOR_DEFINITIONS = (
					"DEBUG=1",
					"$(inherited)",
				);
				GCC_WARN_64_TO_32_BIT_CONVERSION = YES;
				GCC_WARN_ABOUT_RETURN_TYPE = YES_ERROR;
				GCC_WARN_UNDECLARED_SELECTOR = YES;
				GCC_WARN_UNINITIALIZED_AUTOS = YES_AGGRESSIVE;
				GCC_WARN_UNUSED_FUNCTION = YES;
				GCC_WARN_UNUSED_VARIABLE = YES;
				IPHONEOS_DEPLOYMENT_TARGET = 16.4;
				MTL_ENABLE_DEBUG_INFO = INCLUDE_SOURCE;
				MTL_FAST_MATH = YES;
				ONLY_ACTIVE_ARCH = YES;
				SDKROOT = iphoneos;
				SWIFT_ACTIVE_COMPILATION_CONDITIONS = DEBUG;
				SWIFT_OPTIMIZATION_LEVEL = "-Onone";
			};
			name = Debug;
		};
		A042B2312AB2CB3C00DFEF11 /* Release */ = {
			isa = XCBuildConfiguration;
			buildSettings = {
				ALWAYS_SEARCH_USER_PATHS = NO;
				CLANG_ANALYZER_NONNULL = YES;
				CLANG_ANALYZER_NUMBER_OBJECT_CONVERSION = YES_AGGRESSIVE;
				CLANG_CXX_LANGUAGE_STANDARD = "gnu++20";
				CLANG_ENABLE_MODULES = YES;
				CLANG_ENABLE_OBJC_ARC = YES;
				CLANG_ENABLE_OBJC_WEAK = YES;
				CLANG_WARN_BLOCK_CAPTURE_AUTORELEASING = YES;
				CLANG_WARN_BOOL_CONVERSION = YES;
				CLANG_WARN_COMMA = YES;
				CLANG_WARN_CONSTANT_CONVERSION = YES;
				CLANG_WARN_DEPRECATED_OBJC_IMPLEMENTATIONS = YES;
				CLANG_WARN_DIRECT_OBJC_ISA_USAGE = YES_ERROR;
				CLANG_WARN_DOCUMENTATION_COMMENTS = YES;
				CLANG_WARN_EMPTY_BODY = YES;
				CLANG_WARN_ENUM_CONVERSION = YES;
				CLANG_WARN_INFINITE_RECURSION = YES;
				CLANG_WARN_INT_CONVERSION = YES;
				CLANG_WARN_NON_LITERAL_NULL_CONVERSION = YES;
				CLANG_WARN_OBJC_IMPLICIT_RETAIN_SELF = YES;
				CLANG_WARN_OBJC_LITERAL_CONVERSION = YES;
				CLANG_WARN_OBJC_ROOT_CLASS = YES_ERROR;
				CLANG_WARN_QUOTED_INCLUDE_IN_FRAMEWORK_HEADER = YES;
				CLANG_WARN_RANGE_LOOP_ANALYSIS = YES;
				CLANG_WARN_STRICT_PROTOTYPES = YES;
				CLANG_WARN_SUSPICIOUS_MOVE = YES;
				CLANG_WARN_UNGUARDED_AVAILABILITY = YES_AGGRESSIVE;
				CLANG_WARN_UNREACHABLE_CODE = YES;
				CLANG_WARN__DUPLICATE_METHOD_MATCH = YES;
				COPY_PHASE_STRIP = NO;
				DEBUG_INFORMATION_FORMAT = "dwarf-with-dsym";
				ENABLE_NS_ASSERTIONS = NO;
				ENABLE_STRICT_OBJC_MSGSEND = YES;
				GCC_C_LANGUAGE_STANDARD = gnu11;
				GCC_NO_COMMON_BLOCKS = YES;
				GCC_WARN_64_TO_32_BIT_CONVERSION = YES;
				GCC_WARN_ABOUT_RETURN_TYPE = YES_ERROR;
				GCC_WARN_UNDECLARED_SELECTOR = YES;
				GCC_WARN_UNINITIALIZED_AUTOS = YES_AGGRESSIVE;
				GCC_WARN_UNUSED_FUNCTION = YES;
				GCC_WARN_UNUSED_VARIABLE = YES;
				IPHONEOS_DEPLOYMENT_TARGET = 16.4;
				MTL_ENABLE_DEBUG_INFO = NO;
				MTL_FAST_MATH = YES;
				SDKROOT = iphoneos;
				SWIFT_COMPILATION_MODE = wholemodule;
				SWIFT_OPTIMIZATION_LEVEL = "-O";
				VALIDATE_PRODUCT = YES;
			};
			name = Release;
		};
		A042B2332AB2CB3C00DFEF11 /* Debug */ = {
			isa = XCBuildConfiguration;
			buildSettings = {
				ASSETCATALOG_COMPILER_APPICON_NAME = AppIcon;
				ASSETCATALOG_COMPILER_GLOBAL_ACCENT_COLOR_NAME = AccentColor;
				CODE_SIGN_STYLE = Automatic;
				CURRENT_PROJECT_VERSION = 1;
				DEVELOPMENT_ASSET_PATHS = "\"iNotes/Preview Content\"";
				DEVELOPMENT_TEAM = 985R44ND7P;
				ENABLE_PREVIEWS = YES;
				GENERATE_INFOPLIST_FILE = YES;
				INFOPLIST_FILE = iNotes/Info.plist;
				INFOPLIST_KEY_UIApplicationSceneManifest_Generation = YES;
				INFOPLIST_KEY_UIApplicationSupportsIndirectInputEvents = YES;
				INFOPLIST_KEY_UISupportedInterfaceOrientations = UIInterfaceOrientationPortrait;
				LD_RUNPATH_SEARCH_PATHS = (
					"$(inherited)",
					"@executable_path/Frameworks",
				);
				MARKETING_VERSION = 1.0;
				PRODUCT_BUNDLE_IDENTIFIER = com.aayam.iNotes;
				PRODUCT_NAME = "$(TARGET_NAME)";
				SWIFT_EMIT_LOC_STRINGS = YES;
				SWIFT_VERSION = 5.0;
				TARGETED_DEVICE_FAMILY = "1,2";
			};
			name = Debug;
		};
		A042B2342AB2CB3C00DFEF11 /* Release */ = {
			isa = XCBuildConfiguration;
			buildSettings = {
				ASSETCATALOG_COMPILER_APPICON_NAME = AppIcon;
				ASSETCATALOG_COMPILER_GLOBAL_ACCENT_COLOR_NAME = AccentColor;
				CODE_SIGN_STYLE = Automatic;
				CURRENT_PROJECT_VERSION = 1;
				DEVELOPMENT_ASSET_PATHS = "\"iNotes/Preview Content\"";
				DEVELOPMENT_TEAM = 985R44ND7P;
				ENABLE_PREVIEWS = YES;
				GENERATE_INFOPLIST_FILE = YES;
				INFOPLIST_FILE = iNotes/Info.plist;
				INFOPLIST_KEY_UIApplicationSceneManifest_Generation = YES;
				INFOPLIST_KEY_UIApplicationSupportsIndirectInputEvents = YES;
				INFOPLIST_KEY_UISupportedInterfaceOrientations = UIInterfaceOrientationPortrait;
				LD_RUNPATH_SEARCH_PATHS = (
					"$(inherited)",
					"@executable_path/Frameworks",
				);
				MARKETING_VERSION = 1.0;
				PRODUCT_BUNDLE_IDENTIFIER = com.aayam.iNotes;
				PRODUCT_NAME = "$(TARGET_NAME)";
				SWIFT_EMIT_LOC_STRINGS = YES;
				SWIFT_VERSION = 5.0;
				TARGETED_DEVICE_FAMILY = "1,2";
			};
			name = Release;
		};
/* End XCBuildConfiguration section */

/* Begin XCConfigurationList section */
		A042B21A2AB2CB3B00DFEF11 /* Build configuration list for PBXProject "iNotes" */ = {
			isa = XCConfigurationList;
			buildConfigurations = (
				A042B2302AB2CB3C00DFEF11 /* Debug */,
				A042B2312AB2CB3C00DFEF11 /* Release */,
			);
			defaultConfigurationIsVisible = 0;
			defaultConfigurationName = Release;
		};
		A042B2322AB2CB3C00DFEF11 /* Build configuration list for PBXNativeTarget "iNotes" */ = {
			isa = XCConfigurationList;
			buildConfigurations = (
				A042B2332AB2CB3C00DFEF11 /* Debug */,
				A042B2342AB2CB3C00DFEF11 /* Release */,
			);
			defaultConfigurationIsVisible = 0;
			defaultConfigurationName = Release;
		};
/* End XCConfigurationList section */

/* Begin XCVersionGroup section */
		A042B22D2AB2CB3C00DFEF11 /* iNotes.xcdatamodeld */ = {
			isa = XCVersionGroup;
			children = (
				A042B22E2AB2CB3C00DFEF11 /* iNotes.xcdatamodel */,
			);
			currentVersion = A042B22E2AB2CB3C00DFEF11 /* iNotes.xcdatamodel */;
			path = iNotes.xcdatamodeld;
			sourceTree = "<group>";
			versionGroupType = wrapper.xcdatamodel;
		};
/* End XCVersionGroup section */
	};
	rootObject = A042B2172AB2CB3B00DFEF11 /* Project object */;
}
